{"1.2.0",
[{<<"epgsql">>,{pkg,<<"epgsql">>,<<"4.6.1">>},0},
 {<<"esqlite">>,{pkg,<<"esqlite">>,<<"0.8.0">>},0},
 {<<"jsx">>,{pkg,<<"jsx">>,<<"3.1.0">>},0},
 {<<"mysql">>,{pkg,<<"mysql">>,<<"1.8.0">>},0},
 {<<"poolboy">>,{pkg,<<"poolboy">>,<<"1.5.2">>},0}]}.
[
{pkg_hash,[
 {<<"epgsql">>, <<"D9647EC2933D9D2355CABAD14355A0CD005A865D1E1D1FD7E17F13D37F8182F4">>},
 {<<"esqlite">>, <<"42CAACF51635B821C154D94A979E3D47317667752F283CF441C8D77BD566827B">>},
 {<<"jsx">>, <<"D12516BAA0BB23A59BB35DCCAF02A1BD08243FCBB9EFE24F2D9D056CCFF71268">>},
 {<<"mysql">>, <<"0E4BBCF701B7D8EA5C3750F220F26323C0FC18B844960988BE196B33A8A9F3C1">>},
 {<<"poolboy">>, <<"392B007A1693A64540CEAD79830443ABF5762F5D30CF50BC95CB2C1AAAFA006B">>}]},
{pkg_hash_ext,[
 {<<"epgsql">>, <<"EF3515B307FBDC429AF7EFDAD541F0E90978513B9DF3E4EDB76473B2B47C393E">>},
 {<<"esqlite">>, <<"32C7C58EF092B877ECE1D625C56968D79C1C8C1F22D22D3F0107CC697A9F161F">>},
 {<<"jsx">>, <<"0C5CC8FDC11B53CC25CF65AC6705AD39E54ECC56D1C22E4ADB8F5A53FB9427F3">>},
 {<<"mysql">>, <<"D473C479C19E5CDE20237458EEAD6673C3C00E0EF84AFD30615AEBBB67FEE7B3">>},
 {<<"poolboy">>, <<"DAD79704CE5440F3D5A3681C8590B9DC25D1A561E8F5A9C995281012860901E3">>}]}
].
